<Solution>
  <Folder Name="/src/">
    <Project Path="src/ServerMonitor.App/ServerMonitor.App.csproj">
      <Platform Project="x64" />
    </Project>
    <Project Path="src/ServerMonitor.Collectors/ServerMonitor.Collectors.csproj" />
    <Project Path="src/ServerMonitor.Core/ServerMonitor.Core.csproj" />
    <Project Path="src/ServerMonitor.Infrastructure/ServerMonitor.Infrastructure.csproj" />
    <Project Path="src/ServerMonitor.WidgetContract/ServerMonitor.WidgetContract.csproj" />
  </Folder>
  <Folder Name="/tests/">
    <Project Path="tests/ServerMonitor.App.Tests/ServerMonitor.App.Tests.csproj">
      <Platform Project="x64" />
    </Project>
    <Project Path="tests/ServerMonitor.Collectors.Tests/ServerMonitor.Collectors.Tests.csproj" />
    <Project Path="tests/ServerMonitor.Core.Tests/ServerMonitor.Core.Tests.csproj" />
    <Project Path="tests/ServerMonitor.Infrastructure.Tests/ServerMonitor.Infrastructure.Tests.csproj" />
    <Project Path="tests/ServerMonitor.WidgetContract.Tests/ServerMonitor.WidgetContract.Tests.csproj" />
  </Folder>
</Solution>
